
Microsoft Visual Studio Solution File, Format Version 12.00
# Visual Studio 2012
Project("{FAE04EC0-301F-11D3-BF4B-00C04F79EFBC}") = "Handwritten Digits Recognizer", "Handwritten Digits Recognizer\Handwritten Digits Recognizer.csproj", "{BF9DE019-8501-47A5-BB23-B7A7D607227F}"
EndProject
Global
	GlobalSection(SolutionConfigurationPlatforms) = preSolution
		Debug|Any CPU = Debug|Any CPU
		Release|Any CPU = Release|Any CPU
	EndGlobalSection
	GlobalSection(ProjectConfigurationPlatforms) = postSolution
		{BF9DE019-8501-47A5-BB23-B7A7D607227F}.Debug|Any CPU.ActiveCfg = Debug|Any CPU
		{BF9DE019-8501-47A5-BB23-B7A7D607227F}.Debug|Any CPU.Build.0 = Debug|Any CPU
		{BF9DE019-8501-47A5-BB23-B7A7D607227F}.Release|Any CPU.ActiveCfg = Release|Any CPU
		{BF9DE019-8501-47A5-BB23-B7A7D607227F}.Release|Any CPU.Build.0 = Release|Any CPU
	EndGlobalSection
	GlobalSection(SolutionProperties) = preSolution
		HideSolutionNode = FALSE
	EndGlobalSection
EndGlobal
